// !$*UTF8*$!
{
	archiveVersion = 1;
	classes = {
	};
	objectVersion = 56;
	objects = {

/* Begin PBXBuildFile section */
		1E5884BB29D1D1E200D56F3F /* AppDelegate.swift in Sources */ = {isa = PBXBuildFile; fileRef = 1E5884BA29D1D1E200D56F3F /* AppDelegate.swift */; };
		1E5884BF29D1D1E200D56F3F /* ViewController.swift in Sources */ = {isa = PBXBuildFile; fileRef = 1E5884BE29D1D1E200D56F3F /* ViewController.swift */; };
		1E5884C229D1D1E200D56F3F /* Main.storyboard in Resources */ = {isa = PBXBuildFile; fileRef = 1E5884C029D1D1E200D56F3F /* Main.storyboard */; };
		1E5884C429D1D1E300D56F3F /* Assets.xcassets in Resources */ = {isa = PBXBuildFile; fileRef = 1E5884C329D1D1E300D56F3F /* Assets.xcassets */; };
		1E5884C729D1D1E300D56F3F /* LaunchScreen.storyboard in Resources */ = {isa = PBXBuildFile; fileRef = 1E5884C529D1D1E300D56F3F /* LaunchScreen.storyboard */; };
/* End PBXBuildFile section */

/* Begin PBXFileReference section */
		1E5884B729D1D1E200D56F3F /* PhotoFlick.app */ = {isa = PBXFileReference; explicitFileType = wrapper.application; includeInIndex = 0; path = PhotoFlick.app; sourceTree = BUILT_PRODUCTS_DIR; };
		1E5884BA29D1D1E200D56F3F /* AppDelegate.swift */ = {isa = PBXFileReference; lastKnownFileType = sourcecode.swift; path = AppDelegate.swift; sourceTree = "<group>"; };
		1E5884BE29D1D1E200D56F3F /* ViewController.swift */ = {isa = PBXFileReference; lastKnownFileType = sourcecode.swift; path = ViewController.swift; sourceTree = "<group>"; };
		1E5884C129D1D1E200D56F3F /* Base */ = {isa = PBXFileReference; lastKnownFileType = file.storyboard; name = Base; path = Base.lproj/Main.storyboard; sourceTree = "<group>"; };
		1E5884C329D1D1E300D56F3F /* Assets.xcassets */ = {isa = PBXFileReference; lastKnownFileType = folder.assetcatalog; path = Assets.xcassets; sourceTree = "<group>"; };
		1E5884C629D1D1E300D56F3F /* Base */ = {isa = PBXFileReference; lastKnownFileType = file.storyboard; name = Base; path = Base.lproj/LaunchScreen.storyboard; sourceTree = "<group>"; };
		1E5884C829D1D1E300D56F3F /* Info.plist */ = {isa = PBXFileReference; lastKnownFileType = text.plist.xml; path = Info.plist; sourceTree = "<group>"; };
/* End PBXFileReference section */

/* Begin PBXFrameworksBuildPhase section */
		1E5884B429D1D1E200D56F3F /* Frameworks */ = {
			isa = PBXFrameworksBuildPhase;
			buildActionMask = 2147483647;
			files = (
			);
			runOnlyForDeploymentPostprocessing = 0;
		};
/* End PBXFrameworksBuildPhase section */

/* Begin PBXGroup section */
		1E5884AE29D1D1E200D56F3F = {
			isa = PBXGroup;
			children = (
				1E5884B929D1D1E200D56F3F /* PhotoFlick */,
				1E5884B829D1D1E200D56F3F /* Products */,
			);
			sourceTree = "<group>";
		};
		1E5884B829D1D1E200D56F3F /* Products */ = {
			isa = PBXGroup;
			children = (
				1E5884B729D1D1E200D56F3F /* PhotoFlick.app */,
			);
			name = Products;
			sourceTree = "<group>";
		};
		1E5884B929D1D1E200D56F3F /* PhotoFlick */ = {
			isa = PBXGroup;
			children = (
				1E5884D329D1D4F500D56F3F /* SupportFiles */,
				1E5884CE29D1D44400D56F3F /* ApplicationStartup */,
				1E5884CF29D1D44F00D56F3F /* ApplicationNavigation */,
				1E5884D029D1D4D300D56F3F /* Networking */,
				1E5884D129D1D4DD00D56F3F /* Utils */,
				1E5884DC29D1D62000D56F3F /* Common */,
				1E5884D229D1D4E400D56F3F /* Modules */,
				1E5884BE29D1D1E200D56F3F /* ViewController.swift */,
				1E5884C029D1D1E200D56F3F /* Main.storyboard */,
			);
			path = PhotoFlick;
			sourceTree = "<group>";
		};
		1E5884CE29D1D44400D56F3F /* ApplicationStartup */ = {
			isa = PBXGroup;
			children = (
				1E5884BA29D1D1E200D56F3F /* AppDelegate.swift */,
			);
			path = ApplicationStartup;
			sourceTree = "<group>";
		};
		1E5884CF29D1D44F00D56F3F /* ApplicationNavigation */ = {
			isa = PBXGroup;
			children = (
			);
			path = ApplicationNavigation;
			sourceTree = "<group>";
		};
		1E5884D029D1D4D300D56F3F /* Networking */ = {
			isa = PBXGroup;
			children = (
			);
			path = Networking;
			sourceTree = "<group>";
		};
		1E5884D129D1D4DD00D56F3F /* Utils */ = {
			isa = PBXGroup;
			children = (
			);
			path = Utils;
			sourceTree = "<group>";
		};
		1E5884D229D1D4E400D56F3F /* Modules */ = {
			isa = PBXGroup;
			children = (
				1E5884D429D1D5B200D56F3F /* PhotoListing */,
				1E5884D929D1D5EA00D56F3F /* ModuleBuilder */,
			);
			path = Modules;
			sourceTree = "<group>";
		};
		1E5884D329D1D4F500D56F3F /* SupportFiles */ = {
			isa = PBXGroup;
			children = (
				1E5884C529D1D1E300D56F3F /* LaunchScreen.storyboard */,
				1E5884C329D1D1E300D56F3F /* Assets.xcassets */,
				1E5884C829D1D1E300D56F3F /* Info.plist */,
			);
			path = SupportFiles;
			sourceTree = "<group>";
		};
		1E5884D429D1D5B200D56F3F /* PhotoListing */ = {
			isa = PBXGroup;
			children = (
				1E5884D529D1D5BF00D56F3F /* Models */,
				1E5884D829D1D5E100D56F3F /* Interactor */,
				1E5884D729D1D5D400D56F3F /* Presenter */,
				1E5884D629D1D5C600D56F3F /* View */,
			);
			path = PhotoListing;
			sourceTree = "<group>";
		};
		1E5884D529D1D5BF00D56F3F /* Models */ = {
			isa = PBXGroup;
			children = (
			);
			path = Models;
			sourceTree = "<group>";
		};
		1E5884D629D1D5C600D56F3F /* View */ = {
			isa = PBXGroup;
			children = (
				1E5884DB29D1D61900D56F3F /* Views */,
			);
			path = View;
			sourceTree = "<group>";
		};
		1E5884D729D1D5D400D56F3F /* Presenter */ = {
			isa = PBXGroup;
			children = (
			);
			path = Presenter;
			sourceTree = "<group>";
		};
		1E5884D829D1D5E100D56F3F /* Interactor */ = {
			isa = PBXGroup;
			children = (
				1E5884DA29D1D60900D56F3F /* Service */,
			);
			path = Interactor;
			sourceTree = "<group>";
		};
		1E5884D929D1D5EA00D56F3F /* ModuleBuilder */ = {
			isa = PBXGroup;
			children = (
			);
			path = ModuleBuilder;
			sourceTree = "<group>";
		};
		1E5884DA29D1D60900D56F3F /* Service */ = {
			isa = PBXGroup;
			children = (
			);
			path = Service;
			sourceTree = "<group>";
		};
		1E5884DB29D1D61900D56F3F /* Views */ = {
			isa = PBXGroup;
			children = (
			);
			path = Views;
			sourceTree = "<group>";
		};
		1E5884DC29D1D62000D56F3F /* Common */ = {
			isa = PBXGroup;
			children = (
			);
			path = Common;
			sourceTree = "<group>";
		};
/* End PBXGroup section */

/* Begin PBXNativeTarget section */
		1E5884B629D1D1E200D56F3F /* PhotoFlick */ = {
			isa = PBXNativeTarget;
			buildConfigurationList = 1E5884CB29D1D1E300D56F3F /* Build configuration list for PBXNativeTarget "PhotoFlick" */;
			buildPhases = (
				1E5884B329D1D1E200D56F3F /* Sources */,
				1E5884B429D1D1E200D56F3F /* Frameworks */,
				1E5884B529D1D1E200D56F3F /* Resources */,
			);
			buildRules = (
			);
			dependencies = (
			);
			name = PhotoFlick;
			productName = PhotoFlick;
			productReference = 1E5884B729D1D1E200D56F3F /* PhotoFlick.app */;
			productType = "com.apple.product-type.application";
		};
/* End PBXNativeTarget section */

/* Begin PBXProject section */
		1E5884AF29D1D1E200D56F3F /* Project object */ = {
			isa = PBXProject;
			attributes = {
				BuildIndependentTargetsInParallel = 1;
				LastSwiftUpdateCheck = 1420;
				LastUpgradeCheck = 1420;
				TargetAttributes = {
					1E5884B629D1D1E200D56F3F = {
						CreatedOnToolsVersion = 14.2;
					};
				};
			};
			buildConfigurationList = 1E5884B229D1D1E200D56F3F /* Build configuration list for PBXProject "PhotoFlick" */;
			compatibilityVersion = "Xcode 14.0";
			developmentRegion = en;
			hasScannedForEncodings = 0;
			knownRegions = (
				en,
				Base,
			);
			mainGroup = 1E5884AE29D1D1E200D56F3F;
			productRefGroup = 1E5884B829D1D1E200D56F3F /* Products */;
			projectDirPath = "";
			projectRoot = "";
			targets = (
				1E5884B629D1D1E200D56F3F /* PhotoFlick */,
			);
		};
/* End PBXProject section */

/* Begin PBXResourcesBuildPhase section */
		1E5884B529D1D1E200D56F3F /* Resources */ = {
			isa = PBXResourcesBuildPhase;
			buildActionMask = 2147483647;
			files = (
				1E5884C729D1D1E300D56F3F /* LaunchScreen.storyboard in Resources */,
				1E5884C429D1D1E300D56F3F /* Assets.xcassets in Resources */,
				1E5884C229D1D1E200D56F3F /* Main.storyboard in Resources */,
			);
			runOnlyForDeploymentPostprocessing = 0;
		};
/* End PBXResourcesBuildPhase section */

/* Begin PBXSourcesBuildPhase section */
		1E5884B329D1D1E200D56F3F /* Sources */ = {
			isa = PBXSourcesBuildPhase;
			buildActionMask = 2147483647;
			files = (
				1E5884BF29D1D1E200D56F3F /* ViewController.swift in Sources */,
				1E5884BB29D1D1E200D56F3F /* AppDelegate.swift in Sources */,
			);
			runOnlyForDeploymentPostprocessing = 0;
		};
/* End PBXSourcesBuildPhase section */

/* Begin PBXVariantGroup section */
		1E5884C029D1D1E200D56F3F /* Main.storyboard */ = {
			isa = PBXVariantGroup;
			children = (
				1E5884C129D1D1E200D56F3F /* Base */,
			);
			name = Main.storyboard;
			sourceTree = "<group>";
		};
		1E5884C529D1D1E300D56F3F /* LaunchScreen.storyboard */ = {
			isa = PBXVariantGroup;
			children = (
				1E5884C629D1D1E300D56F3F /* Base */,
			);
			name = LaunchScreen.storyboard;
			sourceTree = "<group>";
		};
/* End PBXVariantGroup section */

/* Begin XCBuildConfiguration section */
		1E5884C929D1D1E300D56F3F /* Debug */ = {
			isa = XCBuildConfiguration;
			buildSettings = {
				ALWAYS_SEARCH_USER_PATHS = NO;
				CLANG_ANALYZER_NONNULL = YES;
				CLANG_ANALYZER_NUMBER_OBJECT_CONVERSION = YES_AGGRESSIVE;
				CLANG_CXX_LANGUAGE_STANDARD = "gnu++20";
				CLANG_ENABLE_MODULES = YES;
				CLANG_ENABLE_OBJC_ARC = YES;
				CLANG_ENABLE_OBJC_WEAK = YES;
				CLANG_WARN_BLOCK_CAPTURE_AUTORELEASING = YES;
				CLANG_WARN_BOOL_CONVERSION = YES;
				CLANG_WARN_COMMA = YES;
				CLANG_WARN_CONSTANT_CONVERSION = YES;
				CLANG_WARN_DEPRECATED_OBJC_IMPLEMENTATIONS = YES;
				CLANG_WARN_DIRECT_OBJC_ISA_USAGE = YES_ERROR;
				CLANG_WARN_DOCUMENTATION_COMMENTS = YES;
				CLANG_WARN_EMPTY_BODY = YES;
				CLANG_WARN_ENUM_CONVERSION = YES;
				CLANG_WARN_INFINITE_RECURSION = YES;
				CLANG_WARN_INT_CONVERSION = YES;
				CLANG_WARN_NON_LITERAL_NULL_CONVERSION = YES;
				CLANG_WARN_OBJC_IMPLICIT_RETAIN_SELF = YES;
				CLANG_WARN_OBJC_LITERAL_CONVERSION = YES;
				CLANG_WARN_OBJC_ROOT_CLASS = YES_ERROR;
				CLANG_WARN_QUOTED_INCLUDE_IN_FRAMEWORK_HEADER = YES;
				CLANG_WARN_RANGE_LOOP_ANALYSIS = YES;
				CLANG_WARN_STRICT_PROTOTYPES = YES;
				CLANG_WARN_SUSPICIOUS_MOVE = YES;
				CLANG_WARN_UNGUARDED_AVAILABILITY = YES_AGGRESSIVE;
				CLANG_WARN_UNREACHABLE_CODE = YES;
				CLANG_WARN__DUPLICATE_METHOD_MATCH = YES;
				COPY_PHASE_STRIP = NO;
				DEBUG_INFORMATION_FORMAT = dwarf;
				ENABLE_STRICT_OBJC_MSGSEND = YES;
				ENABLE_TESTABILITY = YES;
				GCC_C_LANGUAGE_STANDARD = gnu11;
				GCC_DYNAMIC_NO_PIC = NO;
				GCC_NO_COMMON_BLOCKS = YES;
				GCC_OPTIMIZATION_LEVEL = 0;
				GCC_PREPROCESSOR_DEFINITIONS = (
					"DEBUG=1",
					"$(inherited)",
				);
				GCC_WARN_64_TO_32_BIT_CONVERSION = YES;
				GCC_WARN_ABOUT_RETURN_TYPE = YES_ERROR;
				GCC_WARN_UNDECLARED_SELECTOR = YES;
				GCC_WARN_UNINITIALIZED_AUTOS = YES_AGGRESSIVE;
				GCC_WARN_UNUSED_FUNCTION = YES;
				GCC_WARN_UNUSED_VARIABLE = YES;
				IPHONEOS_DEPLOYMENT_TARGET = 16.2;
				MTL_ENABLE_DEBUG_INFO = INCLUDE_SOURCE;
				MTL_FAST_MATH = YES;
				ONLY_ACTIVE_ARCH = YES;
				SDKROOT = iphoneos;
				SWIFT_ACTIVE_COMPILATION_CONDITIONS = DEBUG;
				SWIFT_OPTIMIZATION_LEVEL = "-Onone";
			};
			name = Debug;
		};
		1E5884CA29D1D1E300D56F3F /* Release */ = {
			isa = XCBuildConfiguration;
			buildSettings = {
				ALWAYS_SEARCH_USER_PATHS = NO;
				CLANG_ANALYZER_NONNULL = YES;
				CLANG_ANALYZER_NUMBER_OBJECT_CONVERSION = YES_AGGRESSIVE;
				CLANG_CXX_LANGUAGE_STANDARD = "gnu++20";
				CLANG_ENABLE_MODULES = YES;
				CLANG_ENABLE_OBJC_ARC = YES;
				CLANG_ENABLE_OBJC_WEAK = YES;
				CLANG_WARN_BLOCK_CAPTURE_AUTORELEASING = YES;
				CLANG_WARN_BOOL_CONVERSION = YES;
				CLANG_WARN_COMMA = YES;
				CLANG_WARN_CONSTANT_CONVERSION = YES;
				CLANG_WARN_DEPRECATED_OBJC_IMPLEMENTATIONS = YES;
				CLANG_WARN_DIRECT_OBJC_ISA_USAGE = YES_ERROR;
				CLANG_WARN_DOCUMENTATION_COMMENTS = YES;
				CLANG_WARN_EMPTY_BODY = YES;
				CLANG_WARN_ENUM_CONVERSION = YES;
				CLANG_WARN_INFINITE_RECURSION = YES;
				CLANG_WARN_INT_CONVERSION = YES;
				CLANG_WARN_NON_LITERAL_NULL_CONVERSION = YES;
				CLANG_WARN_OBJC_IMPLICIT_RETAIN_SELF = YES;
				CLANG_WARN_OBJC_LITERAL_CONVERSION = YES;
				CLANG_WARN_OBJC_ROOT_CLASS = YES_ERROR;
				CLANG_WARN_QUOTED_INCLUDE_IN_FRAMEWORK_HEADER = YES;
				CLANG_WARN_RANGE_LOOP_ANALYSIS = YES;
				CLANG_WARN_STRICT_PROTOTYPES = YES;
				CLANG_WARN_SUSPICIOUS_MOVE = YES;
				CLANG_WARN_UNGUARDED_AVAILABILITY = YES_AGGRESSIVE;
				CLANG_WARN_UNREACHABLE_CODE = YES;
				CLANG_WARN__DUPLICATE_METHOD_MATCH = YES;
				COPY_PHASE_STRIP = NO;
				DEBUG_INFORMATION_FORMAT = "dwarf-with-dsym";
				ENABLE_NS_ASSERTIONS = NO;
				ENABLE_STRICT_OBJC_MSGSEND = YES;
				GCC_C_LANGUAGE_STANDARD = gnu11;
				GCC_NO_COMMON_BLOCKS = YES;
				GCC_WARN_64_TO_32_BIT_CONVERSION = YES;
				GCC_WARN_ABOUT_RETURN_TYPE = YES_ERROR;
				GCC_WARN_UNDECLARED_SELECTOR = YES;
				GCC_WARN_UNINITIALIZED_AUTOS = YES_AGGRESSIVE;
				GCC_WARN_UNUSED_FUNCTION = YES;
				GCC_WARN_UNUSED_VARIABLE = YES;
				IPHONEOS_DEPLOYMENT_TARGET = 16.2;
				MTL_ENABLE_DEBUG_INFO = NO;
				MTL_FAST_MATH = YES;
				SDKROOT = iphoneos;
				SWIFT_COMPILATION_MODE = wholemodule;
				SWIFT_OPTIMIZATION_LEVEL = "-O";
				VALIDATE_PRODUCT = YES;
			};
			name = Release;
		};
		1E5884CC29D1D1E300D56F3F /* Debug */ = {
			isa = XCBuildConfiguration;
			buildSettings = {
				ASSETCATALOG_COMPILER_APPICON_NAME = AppIcon;
				ASSETCATALOG_COMPILER_GLOBAL_ACCENT_COLOR_NAME = AccentColor;
				CODE_SIGN_STYLE = Automatic;
				CURRENT_PROJECT_VERSION = 1;
				DEVELOPMENT_TEAM = 5N4LHF5GU6;
				GENERATE_INFOPLIST_FILE = YES;
				INFOPLIST_FILE = PhotoFlick/SupportFiles/Info.plist;
				INFOPLIST_KEY_UIApplicationSupportsIndirectInputEvents = YES;
				INFOPLIST_KEY_UILaunchStoryboardName = LaunchScreen;
				INFOPLIST_KEY_UIMainStoryboardFile = Main;
				INFOPLIST_KEY_UISupportedInterfaceOrientations = UIInterfaceOrientationPortrait;
				INFOPLIST_KEY_UISupportedInterfaceOrientations_iPad = "UIInterfaceOrientationLandscapeLeft UIInterfaceOrientationLandscapeRight UIInterfaceOrientationPortrait UIInterfaceOrientationPortraitUpsideDown";
				IPHONEOS_DEPLOYMENT_TARGET = 14.0;
				LD_RUNPATH_SEARCH_PATHS = (
					"$(inherited)",
					"@executable_path/Frameworks",
				);
				MARKETING_VERSION = 1.0;
				PRODUCT_BUNDLE_IDENTIFIER = ashbadak.PhotoFlick;
				PRODUCT_NAME = "$(TARGET_NAME)";
				SUPPORTED_PLATFORMS = "iphoneos iphonesimulator";
				SUPPORTS_MACCATALYST = NO;
				SUPPORTS_MAC_DESIGNED_FOR_IPHONE_IPAD = NO;
				SWIFT_EMIT_LOC_STRINGS = YES;
				SWIFT_VERSION = 5.0;
				TARGETED_DEVICE_FAMILY = 1;
			};
			name = Debug;
		};
		1E5884CD29D1D1E300D56F3F /* Release */ = {
			isa = XCBuildConfiguration;
			buildSettings = {
				ASSETCATALOG_COMPILER_APPICON_NAME = AppIcon;
				ASSETCATALOG_COMPILER_GLOBAL_ACCENT_COLOR_NAME = AccentColor;
				CODE_SIGN_STYLE = Automatic;
				CURRENT_PROJECT_VERSION = 1;
				DEVELOPMENT_TEAM = 5N4LHF5GU6;
				GENERATE_INFOPLIST_FILE = YES;
				INFOPLIST_FILE = PhotoFlick/SupportFiles/Info.plist;
				INFOPLIST_KEY_UIApplicationSupportsIndirectInputEvents = YES;
				INFOPLIST_KEY_UILaunchStoryboardName = LaunchScreen;
				INFOPLIST_KEY_UIMainStoryboardFile = Main;
				INFOPLIST_KEY_UISupportedInterfaceOrientations = UIInterfaceOrientationPortrait;
				INFOPLIST_KEY_UISupportedInterfaceOrientations_iPad = "UIInterfaceOrientationLandscapeLeft UIInterfaceOrientationLandscapeRight UIInterfaceOrientationPortrait UIInterfaceOrientationPortraitUpsideDown";
				IPHONEOS_DEPLOYMENT_TARGET = 14.0;
				LD_RUNPATH_SEARCH_PATHS = (
					"$(inherited)",
					"@executable_path/Frameworks",
				);
				MARKETING_VERSION = 1.0;
				PRODUCT_BUNDLE_IDENTIFIER = ashbadak.PhotoFlick;
				PRODUCT_NAME = "$(TARGET_NAME)";
				SUPPORTED_PLATFORMS = "iphoneos iphonesimulator";
				SUPPORTS_MACCATALYST = NO;
				SUPPORTS_MAC_DESIGNED_FOR_IPHONE_IPAD = NO;
				SWIFT_EMIT_LOC_STRINGS = YES;
				SWIFT_VERSION = 5.0;
				TARGETED_DEVICE_FAMILY = 1;
			};
			name = Release;
		};
/* End XCBuildConfiguration section */

/* Begin XCConfigurationList section */
		1E5884B229D1D1E200D56F3F /* Build configuration list for PBXProject "PhotoFlick" */ = {
			isa = XCConfigurationList;
			buildConfigurations = (
				1E5884C929D1D1E300D56F3F /* Debug */,
				1E5884CA29D1D1E300D56F3F /* Release */,
			);
			defaultConfigurationIsVisible = 0;
			defaultConfigurationName = Release;
		};
		1E5884CB29D1D1E300D56F3F /* Build configuration list for PBXNativeTarget "PhotoFlick" */ = {
			isa = XCConfigurationList;
			buildConfigurations = (
				1E5884CC29D1D1E300D56F3F /* Debug */,
				1E5884CD29D1D1E300D56F3F /* Release */,
			);
			defaultConfigurationIsVisible = 0;
			defaultConfigurationName = Release;
		};
/* End XCConfigurationList section */
	};
	rootObject = 1E5884AF29D1D1E200D56F3F /* Project object */;
}
